<?xml version="1.0" encoding="utf-8"?>
<Project ToolsVersion="4.0" xmlns="http://schemas.microsoft.com/developer/msbuild/2003">
  <ItemGroup>
    <Filter Include="src">
      <UniqueIdentifier>{EBC375A2-C0AA-43BC-80F7-D6F9280BAC64}</UniqueIdentifier>
    </Filter>
    <Filter Include="resources">
      <UniqueIdentifier>{FAC8C421-C4EF-4CF5-B21D-006DABEDC247}</UniqueIdentifier>
      <Extensions>rc;ico;cur;bmp;dlg;rc2;rct;bin;rgs;gif;jpg;jpeg;jpe;resx;tiff;tif;png;wav;mfcribbon-ms</Extensions>
    </Filter>
    <Filter Include="common">
      <UniqueIdentifier>{06834F61-8E49-4360-A2A7-EBAB1A649B62}</UniqueIdentifier>
    </Filter>
    <Filter Include="common\win32">
      <UniqueIdentifier>{4B555BBC-BE86-4E1B-BF6E-8DA90508F784}</UniqueIdentifier>
    </Filter>
  </ItemGroup>
  <ItemGroup>
    <ClCompile Include="..\..\src\apps\test_clib\app_incl.h">
      <Filter>src</Filter>
    </ClCompile>
    <ClCompile Include="..\..\src\apps\test_clib\app_main.c">
      <Filter>src</Filter>
    </ClCompile>
    <ClCompile Include="..\..\src\common\win32\getopt_longw.c">
      <Filter>common\win32</Filter>
    </ClCompile>
    <ClCompile Include="..\..\src\common\win32\getoptw.c">
      <Filter>common\win32</Filter>
    </ClCompile>
    <ClCompile Include="..\..\src\common\win32\syslog-client.c">
      <Filter>common\win32</Filter>
    </ClCompile>
  </ItemGroup>
  <ItemGroup>
    <None Include="prepare.bat" />
    <None Include="update.bat" />
  </ItemGroup>
</Project>