<?xml version="1.0" encoding="utf-8"?>
<Project ToolsVersion="4.0" xmlns="http://schemas.microsoft.com/developer/msbuild/2003">
  <ItemGroup>
    <Filter Include="src">
      <UniqueIdentifier>{A31369DF-A131-4524-9D82-97A7BC4688CB}</UniqueIdentifier>
    </Filter>
    <Filter Include="resources">
      <UniqueIdentifier>{7AA5B4AC-1720-45D3-B876-F6A61642F8E5}</UniqueIdentifier>
      <Extensions>rc;ico;cur;bmp;dlg;rc2;rct;bin;rgs;gif;jpg;jpeg;jpe;resx;tiff;tif;png;wav;mfcribbon-ms</Extensions>
    </Filter>
	<Filter Include="common">
      <UniqueIdentifier>{352B23B9-74ED-4B26-BD34-E7A7245E15A3}</UniqueIdentifier>
    </Filter>
    <Filter Include="common\win32">
      <UniqueIdentifier>{8F7852A2-43FA-472C-B5CA-2BF24B93CAE4}</UniqueIdentifier>
    </Filter>
  </ItemGroup>
  <ItemGroup>
    <ClCompile Include="..\..\src\apps\test_clib\app_incl.h">
      <Filter>src</Filter>
    </ClCompile>
    <ClCompile Include="..\..\src\apps\test_clib\app_main.c">
      <Filter>src</Filter>
    </ClCompile>
    <ClCompile Include="..\..\src\common\win32\getopt_longw.c">
      <Filter>common\win32</Filter>
    </ClCompile>
    <ClCompile Include="..\..\src\common\win32\getoptw.c">
      <Filter>common\win32</Filter>
    </ClCompile>
    <ClCompile Include="..\..\src\common\win32\syslog-client.c">
      <Filter>common\win32</Filter>
    </ClCompile>
  </ItemGroup>
  <ItemGroup>
    <None Include="prepare.bat" />
    <None Include="update.bat" />
  </ItemGroup>
</Project>